
Microsoft Visual Studio Solution File, Format Version 12.00
# Visual Studio Version 17
VisualStudioVersion = 17.1.32228.430
MinimumVisualStudioVersion = 10.0.40219.1
Project("{9A19103F-16F7-4668-BE54-9A1E7A4F7556}") = "Run Length Encoding GUI", "File Project GUI\Run Length Encoding GUI.csproj", "{9A675CC0-A759-4A2E-9AF8-EB115F58D12F}"
EndProject
Global
	GlobalSection(SolutionConfigurationPlatforms) = preSolution
		Debug|Any CPU = Debug|Any CPU
		Release|Any CPU = Release|Any CPU
	EndGlobalSection
	GlobalSection(ProjectConfigurationPlatforms) = postSolution
		{9A675CC0-A759-4A2E-9AF8-EB115F58D12F}.Debug|Any CPU.ActiveCfg = Debug|Any CPU
		{9A675CC0-A759-4A2E-9AF8-EB115F58D12F}.Debug|Any CPU.Build.0 = Debug|Any CPU
		{9A675CC0-A759-4A2E-9AF8-EB115F58D12F}.Release|Any CPU.ActiveCfg = Release|Any CPU
		{9A675CC0-A759-4A2E-9AF8-EB115F58D12F}.Release|Any CPU.Build.0 = Release|Any CPU
	EndGlobalSection
	GlobalSection(SolutionProperties) = preSolution
		HideSolutionNode = FALSE
	EndGlobalSection
	GlobalSection(ExtensibilityGlobals) = postSolution
		SolutionGuid = {7A381FCD-72BB-41C5-9F7D-5C3A92B97671}
	EndGlobalSection
EndGlobal
